NeoBundleLock deoplete.nvim 1e1af97ed05f12ad16104365d40e1f26a3e98a1d
NeoBundleLock jellybeans.vim ef83bf4dc8b3eacffc97bf5c96ab2581b415c9fa
NeoBundleLock neobundle.vim 1306c131ff0a6cc094b7ff0727350e442b5427f1
NeoBundleLock neosnippet b8350cbbcdc951e1bac962f8339b011e2632d03f
NeoBundleLock neosnippet-snippets 7e300f1b986f46b217c26906ca4ee88629f18610
NeoBundleLock nerdtree 82b1649f2e1c79ff17730fe0a3750bbec203dd29
NeoBundleLock nvim-yarp 83c6f4e61aa73e2a53796ea6690fb7e5e64db50a
NeoBundleLock open-browser.vim cd29e8c8db02cd7744728a8f77a829b967e5ff31
NeoBundleLock previm d3185a916ee386419db26e8e89b17d159f1ee7cc
NeoBundleLock rsense 2952a54972cf927d5419085d1867b65ff7ab0d41
NeoBundleLock syntastic 39b35b23b952d620b8ec7cabb13110f586663837
NeoBundleLock vim-fugitive 67efbf66e0fcfd25e617d22892a7e9768bfd0f92
NeoBundleLock vim-hug-neovim-rpc 701ecbb0a1f904c0b44c6beaafef35e1de998a94
NeoBundleLock vim-jsx 8879e0d9c5ba0e04ecbede1c89f63b7a0efa24af
NeoBundleLock vim-markdown da5a7ac96f517e0fd6f886bc3fbe27156ca1f946
NeoBundleLock vim-projectionist 17a8b2078a9ca1410d2080419e1cb9c9bb2e4492
NeoBundleLock vim-ref 161520737e234a20d67f619e772c0aacd5541f01
NeoBundleLock vim-ref-ri be7057de4a039969738108234463fc2ad6dae1a0
NeoBundleLock vim-tags e75dea76e488d9208ed73c53c46a4abee2695115
